
Microsoft Visual Studio Solution File, Format Version 12.00
# Visual Studio Version 17
VisualStudioVersion = 17.9.34622.214
MinimumVisualStudioVersion = 10.0.40219.1
Project("{FAE04EC0-301F-11D3-BF4B-00C04F79EFBC}") = "calculadora_v3", "calculadora_v3\calculadora_v3.csproj", "{6DA918A7-C488-4FF8-94B6-CD234924AC8C}"
EndProject
Global
	GlobalSection(SolutionConfigurationPlatforms) = preSolution
		Debug|Any CPU = Debug|Any CPU
		Release|Any CPU = Release|Any CPU
	EndGlobalSection
	GlobalSection(ProjectConfigurationPlatforms) = postSolution
		{6DA918A7-C488-4FF8-94B6-CD234924AC8C}.Debug|Any CPU.ActiveCfg = Debug|Any CPU
		{6DA918A7-C488-4FF8-94B6-CD234924AC8C}.Debug|Any CPU.Build.0 = Debug|Any CPU
		{6DA918A7-C488-4FF8-94B6-CD234924AC8C}.Release|Any CPU.ActiveCfg = Release|Any CPU
		{6DA918A7-C488-4FF8-94B6-CD234924AC8C}.Release|Any CPU.Build.0 = Release|Any CPU
	EndGlobalSection
	GlobalSection(SolutionProperties) = preSolution
		HideSolutionNode = FALSE
	EndGlobalSection
	GlobalSection(ExtensibilityGlobals) = postSolution
		SolutionGuid = {693DAE63-F256-409D-9F44-C4E20E15B9A1}
	EndGlobalSection
EndGlobal
