
Microsoft Visual Studio Solution File, Format Version 12.00
# Visual Studio Version 17
VisualStudioVersion = 17.9.34622.214
MinimumVisualStudioVersion = 10.0.40219.1
Project("{FAE04EC0-301F-11D3-BF4B-00C04F79EFBC}") = "calculadora", "calculadora\calculadora.csproj", "{C6E7AA9A-2BD2-425B-B216-717ED7C41B3E}"
EndProject
Global
	GlobalSection(SolutionConfigurationPlatforms) = preSolution
		Debug|Any CPU = Debug|Any CPU
		Release|Any CPU = Release|Any CPU
	EndGlobalSection
	GlobalSection(ProjectConfigurationPlatforms) = postSolution
		{C6E7AA9A-2BD2-425B-B216-717ED7C41B3E}.Debug|Any CPU.ActiveCfg = Debug|Any CPU
		{C6E7AA9A-2BD2-425B-B216-717ED7C41B3E}.Debug|Any CPU.Build.0 = Debug|Any CPU
		{C6E7AA9A-2BD2-425B-B216-717ED7C41B3E}.Release|Any CPU.ActiveCfg = Release|Any CPU
		{C6E7AA9A-2BD2-425B-B216-717ED7C41B3E}.Release|Any CPU.Build.0 = Release|Any CPU
	EndGlobalSection
	GlobalSection(SolutionProperties) = preSolution
		HideSolutionNode = FALSE
	EndGlobalSection
	GlobalSection(ExtensibilityGlobals) = postSolution
		SolutionGuid = {11CEC3DC-FD28-447F-8E62-F585632B3518}
	EndGlobalSection
EndGlobal
